
Microsoft Visual Studio Solution File, Format Version 12.00
# Visual Studio Version 17
VisualStudioVersion = 17.14.36915.13 d17.14
MinimumVisualStudioVersion = 10.0.40219.1
Project("{FAE04EC0-301F-11D3-BF4B-00C04F79EFBC}") = "Product_Elective", "Product_Elective\Product_Elective.csproj", "{077B04BF-D876-44B4-ACDE-80E53DFA0E6A}"
EndProject
Global
	GlobalSection(SolutionConfigurationPlatforms) = preSolution
		Debug|Any CPU = Debug|Any CPU
		Release|Any CPU = Release|Any CPU
	EndGlobalSection
	GlobalSection(ProjectConfigurationPlatforms) = postSolution
		{077B04BF-D876-44B4-ACDE-80E53DFA0E6A}.Debug|Any CPU.ActiveCfg = Debug|Any CPU
		{077B04BF-D876-44B4-ACDE-80E53DFA0E6A}.Debug|Any CPU.Build.0 = Debug|Any CPU
		{077B04BF-D876-44B4-ACDE-80E53DFA0E6A}.Release|Any CPU.ActiveCfg = Release|Any CPU
		{077B04BF-D876-44B4-ACDE-80E53DFA0E6A}.Release|Any CPU.Build.0 = Release|Any CPU
	EndGlobalSection
	GlobalSection(SolutionProperties) = preSolution
		HideSolutionNode = FALSE
	EndGlobalSection
	GlobalSection(ExtensibilityGlobals) = postSolution
		SolutionGuid = {C58FA250-4197-4C60-895F-3F040CCAC599}
	EndGlobalSection
EndGlobal
